
Microsoft Visual Studio Solution File, Format Version 12.00
# Visual Studio Version 17
VisualStudioVersion = 17.1.31911.260
MinimumVisualStudioVersion = 10.0.40219.1
Project("{F184B08F-C81C-45F6-A57F-5ABD9991F28F}") = "PrintCalculator", "PrintCalculator\PrintCalculator.vbproj", "{5B723F5D-0030-4C5A-AE8B-04D93D0C5B4B}"
	ProjectSection(ProjectDependencies) = postProject
		{50B2B443-621C-4202-9F3B-86ACA44D3212} = {50B2B443-621C-4202-9F3B-86ACA44D3212}
	EndProjectSection
EndProject
Project("{778DAE3C-4631-46EA-AA77-85C1314464D9}") = "WPFProjectCore", "..\WPFProjectCore\WPFProjectCore\WPFProjectCore.vbproj", "{50B2B443-621C-4202-9F3B-86ACA44D3212}"
EndProject
Global
	GlobalSection(SolutionConfigurationPlatforms) = preSolution
		Debug|Any CPU = Debug|Any CPU
		Release|Any CPU = Release|Any CPU
	EndGlobalSection
	GlobalSection(ProjectConfigurationPlatforms) = postSolution
		{5B723F5D-0030-4C5A-AE8B-04D93D0C5B4B}.Debug|Any CPU.ActiveCfg = Debug|Any CPU
		{5B723F5D-0030-4C5A-AE8B-04D93D0C5B4B}.Debug|Any CPU.Build.0 = Debug|Any CPU
		{5B723F5D-0030-4C5A-AE8B-04D93D0C5B4B}.Release|Any CPU.ActiveCfg = Release|Any CPU
		{5B723F5D-0030-4C5A-AE8B-04D93D0C5B4B}.Release|Any CPU.Build.0 = Release|Any CPU
		{50B2B443-621C-4202-9F3B-86ACA44D3212}.Debug|Any CPU.ActiveCfg = Debug|Any CPU
		{50B2B443-621C-4202-9F3B-86ACA44D3212}.Debug|Any CPU.Build.0 = Debug|Any CPU
		{50B2B443-621C-4202-9F3B-86ACA44D3212}.Release|Any CPU.ActiveCfg = Release|Any CPU
		{50B2B443-621C-4202-9F3B-86ACA44D3212}.Release|Any CPU.Build.0 = Release|Any CPU
	EndGlobalSection
	GlobalSection(SolutionProperties) = preSolution
		HideSolutionNode = FALSE
	EndGlobalSection
	GlobalSection(ExtensibilityGlobals) = postSolution
		SolutionGuid = {44EFEFD8-2511-487B-B5AE-B6E9BF6D7894}
	EndGlobalSection
EndGlobal
